
Microsoft Visual Studio Solution File, Format Version 12.00
# Visual Studio Version 16
VisualStudioVersion = 16.0.29519.87
MinimumVisualStudioVersion = 10.0.40219.1
Project("{FAE04EC0-301F-11D3-BF4B-00C04F79EFBC}") = "Reader", "Reader\Reader.csproj", "{25D93B60-ACB1-4C21-BFA4-657BB1096162}"
EndProject
Global
	GlobalSection(SolutionConfigurationPlatforms) = preSolution
		Debug|Any CPU = Debug|Any CPU
		Release|Any CPU = Release|Any CPU
	EndGlobalSection
	GlobalSection(ProjectConfigurationPlatforms) = postSolution
		{25D93B60-ACB1-4C21-BFA4-657BB1096162}.Debug|Any CPU.ActiveCfg = Debug|Any CPU
		{25D93B60-ACB1-4C21-BFA4-657BB1096162}.Debug|Any CPU.Build.0 = Debug|Any CPU
		{25D93B60-ACB1-4C21-BFA4-657BB1096162}.Release|Any CPU.ActiveCfg = Release|Any CPU
		{25D93B60-ACB1-4C21-BFA4-657BB1096162}.Release|Any CPU.Build.0 = Release|Any CPU
	EndGlobalSection
	GlobalSection(SolutionProperties) = preSolution
		HideSolutionNode = FALSE
	EndGlobalSection
	GlobalSection(ExtensibilityGlobals) = postSolution
		SolutionGuid = {ABA4DB4D-6EB4-4E13-A1EA-0AA057533242}
	EndGlobalSection
EndGlobal
